// !$*UTF8*$!
{
	archiveVersion = 1;
	classes = {
	};
	objectVersion = 46;
	objects = {

/* Begin PBXBuildFile section */
		171DAD171F3B636900308F4D /* XHBNewsTopImageView.m in Sources */ = {isa = PBXBuildFile; fileRef = 171DAD161F3B636900308F4D /* XHBNewsTopImageView.m */; };
		171E62D01F1CF8FA000048B6 /* Default-568h@2x.png in Resources */ = {isa = PBXBuildFile; fileRef = 171E62CF1F1CF8FA000048B6 /* Default-568h@2x.png */; };
		172F6E621EEE63450045FFF8 /* XHBThemeStories.m in Sources */ = {isa = PBXBuildFile; fileRef = 172F6E611EEE63450045FFF8 /* XHBThemeStories.m */; };
		172FC06A1E98C3AB0072FB27 /* XHBNewCatalog.m in Sources */ = {isa = PBXBuildFile; fileRef = 172FC0691E98C3AB0072FB27 /* XHBNewCatalog.m */; };
		1730D22E1F38863200F03F28 /* XHBNewsHeadView.m in Sources */ = {isa = PBXBuildFile; fileRef = 1730D22D1F38863200F03F28 /* XHBNewsHeadView.m */; };
		1730D2311F38866B00F03F28 /* XHBNewsFootView.m in Sources */ = {isa = PBXBuildFile; fileRef = 1730D2301F38866B00F03F28 /* XHBNewsFootView.m */; };
		173118101F3952FE00EB73E3 /* UIView+XHBExtension.m in Sources */ = {isa = PBXBuildFile; fileRef = 1731180F1F3952FE00EB73E3 /* UIView+XHBExtension.m */; };
		1734B7961EAE7C5D0050E006 /* XHBDayNewsTableViewCell.m in Sources */ = {isa = PBXBuildFile; fileRef = 1734B7941EAE7C5D0050E006 /* XHBDayNewsTableViewCell.m */; };
		1734B7971EAE7C5D0050E006 /* XHBDayNewsTableViewCell.xib in Resources */ = {isa = PBXBuildFile; fileRef = 1734B7951EAE7C5D0050E006 /* XHBDayNewsTableViewCell.xib */; };
		1736469A1F434F7700DFD681 /* XHBRefreshControl.m in Sources */ = {isa = PBXBuildFile; fileRef = 173646991F434F7700DFD681 /* XHBRefreshControl.m */; };
		173646A01F457D8000DFD681 /* XHBHomeNews.m in Sources */ = {isa = PBXBuildFile; fileRef = 1736469F1F457D8000DFD681 /* XHBHomeNews.m */; };
		173646A31F4592CA00DFD681 /* XHBSectionHeadView.m in Sources */ = {isa = PBXBuildFile; fileRef = 173646A21F4592CA00DFD681 /* XHBSectionHeadView.m */; };
		173825441EDD50D300DB633C /* XHBBaseViewController.m in Sources */ = {isa = PBXBuildFile; fileRef = 173825431EDD50D300DB633C /* XHBBaseViewController.m */; };
		173825471EDD80C200DB633C /* XHBThemeDaily.m in Sources */ = {isa = PBXBuildFile; fileRef = 173825461EDD80C200DB633C /* XHBThemeDaily.m */; };
		1738254A1EDD891300DB633C /* XHBEditor.m in Sources */ = {isa = PBXBuildFile; fileRef = 173825491EDD891300DB633C /* XHBEditor.m */; };
		17382D721F34867A00B5CF27 /* XHBNewsContentViewController.m in Sources */ = {isa = PBXBuildFile; fileRef = 17382D701F34867A00B5CF27 /* XHBNewsContentViewController.m */; };
		17382D731F34867A00B5CF27 /* XHBNewsContentViewController.xib in Resources */ = {isa = PBXBuildFile; fileRef = 17382D711F34867A00B5CF27 /* XHBNewsContentViewController.xib */; };
		17382D761F34872600B5CF27 /* XHBNewsContent.m in Sources */ = {isa = PBXBuildFile; fileRef = 17382D751F34872600B5CF27 /* XHBNewsContent.m */; };
		17382D791F348B8400B5CF27 /* XHBContainerViewController.m in Sources */ = {isa = PBXBuildFile; fileRef = 17382D781F348B8400B5CF27 /* XHBContainerViewController.m */; };
		173867921F3EDBC000C6B6C8 /* XHBHomeTopView.m in Sources */ = {isa = PBXBuildFile; fileRef = 173867911F3EDBC000C6B6C8 /* XHBHomeTopView.m */; };
		17399A6F1E82697E00DBF296 /* XHBCatalogViewController.xib in Resources */ = {isa = PBXBuildFile; fileRef = 17399A6E1E82697E00DBF296 /* XHBCatalogViewController.xib */; };
		173DB5951EAE2BA000120899 /* Foundation+Log.m in Sources */ = {isa = PBXBuildFile; fileRef = 173DB5941EAE2BA000120899 /* Foundation+Log.m */; };
		173F6AEA1EA5C7DF00C96ED0 /* XHBDayNews.m in Sources */ = {isa = PBXBuildFile; fileRef = 173F6AE91EA5C7DF00C96ED0 /* XHBDayNews.m */; };
		1756171E1E6C0BA9002C7BF2 /* Assets.xcassets in Resources */ = {isa = PBXBuildFile; fileRef = 1756171D1E6C0BA9002C7BF2 /* Assets.xcassets */; };
		175617211E6C0BA9002C7BF2 /* LaunchScreen.storyboard in Resources */ = {isa = PBXBuildFile; fileRef = 1756171F1E6C0BA9002C7BF2 /* LaunchScreen.storyboard */; };
		1756172C1E6C0BA9002C7BF2 /* _______Tests.m in Sources */ = {isa = PBXBuildFile; fileRef = 1756172B1E6C0BA9002C7BF2 /* _______Tests.m */; };
		175617371E6C0BA9002C7BF2 /* _______UITests.m in Sources */ = {isa = PBXBuildFile; fileRef = 175617361E6C0BA9002C7BF2 /* _______UITests.m */; };
		1768EA041E73FCA8000E7520 /* XHBCatalogViewController.m in Sources */ = {isa = PBXBuildFile; fileRef = 1768E9EC1E73FCA8000E7520 /* XHBCatalogViewController.m */; };
		1768EA061E73FCA8000E7520 /* XHBHomeViewController.m in Sources */ = {isa = PBXBuildFile; fileRef = 1768E9F31E73FCA8000E7520 /* XHBHomeViewController.m */; };
		1768EA071E73FCA8000E7520 /* XHBHomeViewController.xib in Resources */ = {isa = PBXBuildFile; fileRef = 1768E9F41E73FCA8000E7520 /* XHBHomeViewController.xib */; };
		1768EA081E73FCA8000E7520 /* AppDelegate.m in Sources */ = {isa = PBXBuildFile; fileRef = 1768E9F91E73FCA8000E7520 /* AppDelegate.m */; };
		1768EA091E73FCA8000E7520 /* XHBNavigationController.m in Sources */ = {isa = PBXBuildFile; fileRef = 1768E9FD1E73FCA8000E7520 /* XHBNavigationController.m */; };
		1768EA0A1E73FCA8000E7520 /* XHBRootViewController.m in Sources */ = {isa = PBXBuildFile; fileRef = 1768E9FF1E73FCA8000E7520 /* XHBRootViewController.m */; };
		1768EA0C1E73FCA8000E7520 /* main.m in Sources */ = {isa = PBXBuildFile; fileRef = 1768EA021E73FCA8000E7520 /* main.m */; };
		17769C591E753844006CC28A /* UIBarButtonItem+XHBExtension.m in Sources */ = {isa = PBXBuildFile; fileRef = 17769C581E753844006CC28A /* UIBarButtonItem+XHBExtension.m */; };
		17769C5D1E75594A006CC28A /* XHBCatalogTableViewCell.m in Sources */ = {isa = PBXBuildFile; fileRef = 17769C5B1E75594A006CC28A /* XHBCatalogTableViewCell.m */; };
		17769C5E1E75594A006CC28A /* XHBCatalogTableViewCell.xib in Resources */ = {isa = PBXBuildFile; fileRef = 17769C5C1E75594A006CC28A /* XHBCatalogTableViewCell.xib */; };
		179785511F1941DC00B82C3A /* XHBScreenShotBackView.m in Sources */ = {isa = PBXBuildFile; fileRef = 179785501F1941DC00B82C3A /* XHBScreenShotBackView.m */; };
		17B0E7E21ED85C8D00B89E4B /* XHBThemeViewController.m in Sources */ = {isa = PBXBuildFile; fileRef = 17B0E7E01ED85C8D00B89E4B /* XHBThemeViewController.m */; };
		17B0E7E31ED85C8D00B89E4B /* XHBThemeViewController.xib in Resources */ = {isa = PBXBuildFile; fileRef = 17B0E7E11ED85C8D00B89E4B /* XHBThemeViewController.xib */; };
		5A9BC05AA5AF9F7B76E7D1F6 /* Pods________.framework in Frameworks */ = {isa = PBXBuildFile; fileRef = A85BB835C13A4286867FB30C /* Pods________.framework */; };
/* End PBXBuildFile section */

/* Begin PBXContainerItemProxy section */
		175617281E6C0BA9002C7BF2 /* PBXContainerItemProxy */ = {
			isa = PBXContainerItemProxy;
			containerPortal = 175617061E6C0BA9002C7BF2 /* Project object */;
			proxyType = 1;
			remoteGlobalIDString = 1756170D1E6C0BA9002C7BF2;
			remoteInfo = "知乎日报-练习";
		};
		175617331E6C0BA9002C7BF2 /* PBXContainerItemProxy */ = {
			isa = PBXContainerItemProxy;
			containerPortal = 175617061E6C0BA9002C7BF2 /* Project object */;
			proxyType = 1;
			remoteGlobalIDString = 1756170D1E6C0BA9002C7BF2;
			remoteInfo = "知乎日报-练习";
		};
/* End PBXContainerItemProxy section */

/* Begin PBXFileReference section */
		171DAD151F3B636900308F4D /* XHBNewsTopImageView.h */ = {isa = PBXFileReference; fileEncoding = 4; lastKnownFileType = sourcecode.c.h; path = XHBNewsTopImageView.h; sourceTree = "<group>"; };
		171DAD161F3B636900308F4D /* XHBNewsTopImageView.m */ = {isa = PBXFileReference; fileEncoding = 4; lastKnownFileType = sourcecode.c.objc; path = XHBNewsTopImageView.m; sourceTree = "<group>"; };
		171E62CF1F1CF8FA000048B6 /* Default-568h@2x.png */ = {isa = PBXFileReference; lastKnownFileType = image.png; path = "Default-568h@2x.png"; sourceTree = "<group>"; };
		172F6E601EEE63450045FFF8 /* XHBThemeStories.h */ = {isa = PBXFileReference; fileEncoding = 4; lastKnownFileType = sourcecode.c.h; path = XHBThemeStories.h; sourceTree = "<group>"; };
		172F6E611EEE63450045FFF8 /* XHBThemeStories.m */ = {isa = PBXFileReference; fileEncoding = 4; lastKnownFileType = sourcecode.c.objc; path = XHBThemeStories.m; sourceTree = "<group>"; };
		172FC0681E98C3AB0072FB27 /* XHBNewCatalog.h */ = {isa = PBXFileReference; fileEncoding = 4; lastKnownFileType = sourcecode.c.h; path = XHBNewCatalog.h; sourceTree = "<group>"; };
		172FC0691E98C3AB0072FB27 /* XHBNewCatalog.m */ = {isa = PBXFileReference; fileEncoding = 4; lastKnownFileType = sourcecode.c.objc; path = XHBNewCatalog.m; sourceTree = "<group>"; };
		1730D22C1F38863200F03F28 /* XHBNewsHeadView.h */ = {isa = PBXFileReference; fileEncoding = 4; lastKnownFileType = sourcecode.c.h; path = XHBNewsHeadView.h; sourceTree = "<group>"; };
		1730D22D1F38863200F03F28 /* XHBNewsHeadView.m */ = {isa = PBXFileReference; fileEncoding = 4; lastKnownFileType = sourcecode.c.objc; path = XHBNewsHeadView.m; sourceTree = "<group>"; };
		1730D22F1F38866B00F03F28 /* XHBNewsFootView.h */ = {isa = PBXFileReference; fileEncoding = 4; lastKnownFileType = sourcecode.c.h; path = XHBNewsFootView.h; sourceTree = "<group>"; };
		1730D2301F38866B00F03F28 /* XHBNewsFootView.m */ = {isa = PBXFileReference; fileEncoding = 4; lastKnownFileType = sourcecode.c.objc; path = XHBNewsFootView.m; sourceTree = "<group>"; };
		1731180E1F3952FE00EB73E3 /* UIView+XHBExtension.h */ = {isa = PBXFileReference; fileEncoding = 4; lastKnownFileType = sourcecode.c.h; path = "UIView+XHBExtension.h"; sourceTree = "<group>"; };
		1731180F1F3952FE00EB73E3 /* UIView+XHBExtension.m */ = {isa = PBXFileReference; fileEncoding = 4; lastKnownFileType = sourcecode.c.objc; path = "UIView+XHBExtension.m"; sourceTree = "<group>"; };
		1734B7931EAE7C5D0050E006 /* XHBDayNewsTableViewCell.h */ = {isa = PBXFileReference; fileEncoding = 4; lastKnownFileType = sourcecode.c.h; path = XHBDayNewsTableViewCell.h; sourceTree = "<group>"; };
		1734B7941EAE7C5D0050E006 /* XHBDayNewsTableViewCell.m */ = {isa = PBXFileReference; fileEncoding = 4; lastKnownFileType = sourcecode.c.objc; path = XHBDayNewsTableViewCell.m; sourceTree = "<group>"; };
		1734B7951EAE7C5D0050E006 /* XHBDayNewsTableViewCell.xib */ = {isa = PBXFileReference; fileEncoding = 4; lastKnownFileType = file.xib; path = XHBDayNewsTableViewCell.xib; sourceTree = "<group>"; };
		173646981F434F7700DFD681 /* XHBRefreshControl.h */ = {isa = PBXFileReference; fileEncoding = 4; lastKnownFileType = sourcecode.c.h; path = XHBRefreshControl.h; sourceTree = "<group>"; };
		173646991F434F7700DFD681 /* XHBRefreshControl.m */ = {isa = PBXFileReference; fileEncoding = 4; lastKnownFileType = sourcecode.c.objc; path = XHBRefreshControl.m; sourceTree = "<group>"; };
		1736469E1F457D8000DFD681 /* XHBHomeNews.h */ = {isa = PBXFileReference; fileEncoding = 4; lastKnownFileType = sourcecode.c.h; path = XHBHomeNews.h; sourceTree = "<group>"; };
		1736469F1F457D8000DFD681 /* XHBHomeNews.m */ = {isa = PBXFileReference; fileEncoding = 4; lastKnownFileType = sourcecode.c.objc; path = XHBHomeNews.m; sourceTree = "<group>"; };
		173646A11F4592CA00DFD681 /* XHBSectionHeadView.h */ = {isa = PBXFileReference; fileEncoding = 4; lastKnownFileType = sourcecode.c.h; path = XHBSectionHeadView.h; sourceTree = "<group>"; };
		173646A21F4592CA00DFD681 /* XHBSectionHeadView.m */ = {isa = PBXFileReference; fileEncoding = 4; lastKnownFileType = sourcecode.c.objc; path = XHBSectionHeadView.m; sourceTree = "<group>"; };
		173825421EDD50D300DB633C /* XHBBaseViewController.h */ = {isa = PBXFileReference; fileEncoding = 4; lastKnownFileType = sourcecode.c.h; name = XHBBaseViewController.h; path = ../../Other/Controller/XHBBaseViewController.h; sourceTree = "<group>"; };
		173825431EDD50D300DB633C /* XHBBaseViewController.m */ = {isa = PBXFileReference; fileEncoding = 4; lastKnownFileType = sourcecode.c.objc; name = XHBBaseViewController.m; path = ../../Other/Controller/XHBBaseViewController.m; sourceTree = "<group>"; };
		173825451EDD80C200DB633C /* XHBThemeDaily.h */ = {isa = PBXFileReference; fileEncoding = 4; lastKnownFileType = sourcecode.c.h; path = XHBThemeDaily.h; sourceTree = "<group>"; };
		173825461EDD80C200DB633C /* XHBThemeDaily.m */ = {isa = PBXFileReference; fileEncoding = 4; lastKnownFileType = sourcecode.c.objc; path = XHBThemeDaily.m; sourceTree = "<group>"; };
		173825481EDD891300DB633C /* XHBEditor.h */ = {isa = PBXFileReference; fileEncoding = 4; lastKnownFileType = sourcecode.c.h; path = XHBEditor.h; sourceTree = "<group>"; };
		173825491EDD891300DB633C /* XHBEditor.m */ = {isa = PBXFileReference; fileEncoding = 4; lastKnownFileType = sourcecode.c.objc; path = XHBEditor.m; sourceTree = "<group>"; };
		17382D6F1F34867A00B5CF27 /* XHBNewsContentViewController.h */ = {isa = PBXFileReference; fileEncoding = 4; lastKnownFileType = sourcecode.c.h; path = XHBNewsContentViewController.h; sourceTree = "<group>"; };
		17382D701F34867A00B5CF27 /* XHBNewsContentViewController.m */ = {isa = PBXFileReference; fileEncoding = 4; lastKnownFileType = sourcecode.c.objc; path = XHBNewsContentViewController.m; sourceTree = "<group>"; };
		17382D711F34867A00B5CF27 /* XHBNewsContentViewController.xib */ = {isa = PBXFileReference; fileEncoding = 4; lastKnownFileType = file.xib; path = XHBNewsContentViewController.xib; sourceTree = "<group>"; };
		17382D741F34872600B5CF27 /* XHBNewsContent.h */ = {isa = PBXFileReference; fileEncoding = 4; lastKnownFileType = sourcecode.c.h; path = XHBNewsContent.h; sourceTree = "<group>"; };
		17382D751F34872600B5CF27 /* XHBNewsContent.m */ = {isa = PBXFileReference; fileEncoding = 4; lastKnownFileType = sourcecode.c.objc; path = XHBNewsContent.m; sourceTree = "<group>"; };
		17382D771F348B8400B5CF27 /* XHBContainerViewController.h */ = {isa = PBXFileReference; fileEncoding = 4; lastKnownFileType = sourcecode.c.h; path = XHBContainerViewController.h; sourceTree = "<group>"; };
		17382D781F348B8400B5CF27 /* XHBContainerViewController.m */ = {isa = PBXFileReference; fileEncoding = 4; lastKnownFileType = sourcecode.c.objc; path = XHBContainerViewController.m; sourceTree = "<group>"; };
		173867901F3EDBC000C6B6C8 /* XHBHomeTopView.h */ = {isa = PBXFileReference; fileEncoding = 4; lastKnownFileType = sourcecode.c.h; path = XHBHomeTopView.h; sourceTree = "<group>"; };
		173867911F3EDBC000C6B6C8 /* XHBHomeTopView.m */ = {isa = PBXFileReference; fileEncoding = 4; lastKnownFileType = sourcecode.c.objc; path = XHBHomeTopView.m; sourceTree = "<group>"; };
		17399A6E1E82697E00DBF296 /* XHBCatalogViewController.xib */ = {isa = PBXFileReference; fileEncoding = 4; lastKnownFileType = file.xib; path = XHBCatalogViewController.xib; sourceTree = "<group>"; };
		173DB5941EAE2BA000120899 /* Foundation+Log.m */ = {isa = PBXFileReference; fileEncoding = 4; lastKnownFileType = sourcecode.c.objc; name = "Foundation+Log.m"; path = "../Other/Foundation+Log.m"; sourceTree = "<group>"; };
		173F6AE81EA5C7DF00C96ED0 /* XHBDayNews.h */ = {isa = PBXFileReference; fileEncoding = 4; lastKnownFileType = sourcecode.c.h; path = XHBDayNews.h; sourceTree = "<group>"; };
		173F6AE91EA5C7DF00C96ED0 /* XHBDayNews.m */ = {isa = PBXFileReference; fileEncoding = 4; lastKnownFileType = sourcecode.c.objc; path = XHBDayNews.m; sourceTree = "<group>"; };
		1756170E1E6C0BA9002C7BF2 /* 知乎日报-练习.app */ = {isa = PBXFileReference; explicitFileType = wrapper.application; includeInIndex = 0; path = "知乎日报-练习.app"; sourceTree = BUILT_PRODUCTS_DIR; };
		1756171D1E6C0BA9002C7BF2 /* Assets.xcassets */ = {isa = PBXFileReference; lastKnownFileType = folder.assetcatalog; path = Assets.xcassets; sourceTree = "<group>"; };
		175617201E6C0BA9002C7BF2 /* Base */ = {isa = PBXFileReference; lastKnownFileType = file.storyboard; name = Base; path = Base.lproj/LaunchScreen.storyboard; sourceTree = "<group>"; };
		175617221E6C0BA9002C7BF2 /* Info.plist */ = {isa = PBXFileReference; lastKnownFileType = text.plist.xml; path = Info.plist; sourceTree = "<group>"; };
		175617271E6C0BA9002C7BF2 /* 知乎日报-练习Tests.xctest */ = {isa = PBXFileReference; explicitFileType = wrapper.cfbundle; includeInIndex = 0; path = "知乎日报-练习Tests.xctest"; sourceTree = BUILT_PRODUCTS_DIR; };
		1756172B1E6C0BA9002C7BF2 /* _______Tests.m */ = {isa = PBXFileReference; lastKnownFileType = sourcecode.c.objc; path = "_______Tests.m"; sourceTree = "<group>"; };
		1756172D1E6C0BA9002C7BF2 /* Info.plist */ = {isa = PBXFileReference; lastKnownFileType = text.plist.xml; path = Info.plist; sourceTree = "<group>"; };
		175617321E6C0BA9002C7BF2 /* 知乎日报-练习UITests.xctest */ = {isa = PBXFileReference; explicitFileType = wrapper.cfbundle; includeInIndex = 0; path = "知乎日报-练习UITests.xctest"; sourceTree = BUILT_PRODUCTS_DIR; };
		175617361E6C0BA9002C7BF2 /* _______UITests.m */ = {isa = PBXFileReference; lastKnownFileType = sourcecode.c.objc; path = "_______UITests.m"; sourceTree = "<group>"; };
		175617381E6C0BA9002C7BF2 /* Info.plist */ = {isa = PBXFileReference; lastKnownFileType = text.plist.xml; path = Info.plist; sourceTree = "<group>"; };
		1768E9EB1E73FCA8000E7520 /* XHBCatalogViewController.h */ = {isa = PBXFileReference; fileEncoding = 4; lastKnownFileType = sourcecode.c.h; path = XHBCatalogViewController.h; sourceTree = "<group>"; };
		1768E9EC1E73FCA8000E7520 /* XHBCatalogViewController.m */ = {isa = PBXFileReference; fileEncoding = 4; lastKnownFileType = sourcecode.c.objc; path = XHBCatalogViewController.m; sourceTree = "<group>"; };
		1768E9F21E73FCA8000E7520 /* XHBHomeViewController.h */ = {isa = PBXFileReference; fileEncoding = 4; lastKnownFileType = sourcecode.c.h; path = XHBHomeViewController.h; sourceTree = "<group>"; };
		1768E9F31E73FCA8000E7520 /* XHBHomeViewController.m */ = {isa = PBXFileReference; fileEncoding = 4; lastKnownFileType = sourcecode.c.objc; path = XHBHomeViewController.m; sourceTree = "<group>"; };
		1768E9F41E73FCA8000E7520 /* XHBHomeViewController.xib */ = {isa = PBXFileReference; fileEncoding = 4; lastKnownFileType = file.xib; path = XHBHomeViewController.xib; sourceTree = "<group>"; };
		1768E9F81E73FCA8000E7520 /* AppDelegate.h */ = {isa = PBXFileReference; fileEncoding = 4; lastKnownFileType = sourcecode.c.h; name = AppDelegate.h; path = ../Other/AppDelegate.h; sourceTree = "<group>"; };
		1768E9F91E73FCA8000E7520 /* AppDelegate.m */ = {isa = PBXFileReference; fileEncoding = 4; lastKnownFileType = sourcecode.c.objc; name = AppDelegate.m; path = ../Other/AppDelegate.m; sourceTree = "<group>"; };
		1768E9FC1E73FCA8000E7520 /* XHBNavigationController.h */ = {isa = PBXFileReference; fileEncoding = 4; lastKnownFileType = sourcecode.c.h; name = XHBNavigationController.h; path = ../../Other/Controller/XHBNavigationController.h; sourceTree = "<group>"; };
		1768E9FD1E73FCA8000E7520 /* XHBNavigationController.m */ = {isa = PBXFileReference; fileEncoding = 4; lastKnownFileType = sourcecode.c.objc; name = XHBNavigationController.m; path = ../../Other/Controller/XHBNavigationController.m; sourceTree = "<group>"; };
		1768E9FE1E73FCA8000E7520 /* XHBRootViewController.h */ = {isa = PBXFileReference; fileEncoding = 4; lastKnownFileType = sourcecode.c.h; name = XHBRootViewController.h; path = ../../Other/Controller/XHBRootViewController.h; sourceTree = "<group>"; };
		1768E9FF1E73FCA8000E7520 /* XHBRootViewController.m */ = {isa = PBXFileReference; fileEncoding = 4; lastKnownFileType = sourcecode.c.objc; name = XHBRootViewController.m; path = ../../Other/Controller/XHBRootViewController.m; sourceTree = "<group>"; };
		1768EA021E73FCA8000E7520 /* main.m */ = {isa = PBXFileReference; fileEncoding = 4; lastKnownFileType = sourcecode.c.objc; name = main.m; path = ../Other/main.m; sourceTree = "<group>"; };
		1768EA031E73FCA8000E7520 /* PrefixHeader.pch */ = {isa = PBXFileReference; fileEncoding = 4; lastKnownFileType = sourcecode.c.h; name = PrefixHeader.pch; path = ../Other/PrefixHeader.pch; sourceTree = "<group>"; };
		17769C571E753844006CC28A /* UIBarButtonItem+XHBExtension.h */ = {isa = PBXFileReference; fileEncoding = 4; lastKnownFileType = sourcecode.c.h; path = "UIBarButtonItem+XHBExtension.h"; sourceTree = "<group>"; };
		17769C581E753844006CC28A /* UIBarButtonItem+XHBExtension.m */ = {isa = PBXFileReference; fileEncoding = 4; lastKnownFileType = sourcecode.c.objc; path = "UIBarButtonItem+XHBExtension.m"; sourceTree = "<group>"; };
		17769C5A1E75594A006CC28A /* XHBCatalogTableViewCell.h */ = {isa = PBXFileReference; fileEncoding = 4; lastKnownFileType = sourcecode.c.h; path = XHBCatalogTableViewCell.h; sourceTree = "<group>"; };
		17769C5B1E75594A006CC28A /* XHBCatalogTableViewCell.m */ = {isa = PBXFileReference; fileEncoding = 4; lastKnownFileType = sourcecode.c.objc; path = XHBCatalogTableViewCell.m; sourceTree = "<group>"; };
		17769C5C1E75594A006CC28A /* XHBCatalogTableViewCell.xib */ = {isa = PBXFileReference; fileEncoding = 4; lastKnownFileType = file.xib; path = XHBCatalogTableViewCell.xib; sourceTree = "<group>"; };
		1797854F1F1941DC00B82C3A /* XHBScreenShotBackView.h */ = {isa = PBXFileReference; fileEncoding = 4; lastKnownFileType = sourcecode.c.h; path = XHBScreenShotBackView.h; sourceTree = "<group>"; };
		179785501F1941DC00B82C3A /* XHBScreenShotBackView.m */ = {isa = PBXFileReference; fileEncoding = 4; lastKnownFileType = sourcecode.c.objc; path = XHBScreenShotBackView.m; sourceTree = "<group>"; };
		17B0E7DF1ED85C8D00B89E4B /* XHBThemeViewController.h */ = {isa = PBXFileReference; fileEncoding = 4; lastKnownFileType = sourcecode.c.h; path = XHBThemeViewController.h; sourceTree = "<group>"; };
		17B0E7E01ED85C8D00B89E4B /* XHBThemeViewController.m */ = {isa = PBXFileReference; fileEncoding = 4; lastKnownFileType = sourcecode.c.objc; path = XHBThemeViewController.m; sourceTree = "<group>"; };
		17B0E7E11ED85C8D00B89E4B /* XHBThemeViewController.xib */ = {isa = PBXFileReference; fileEncoding = 4; lastKnownFileType = file.xib; path = XHBThemeViewController.xib; sourceTree = "<group>"; };
		3E840FE32AD827A0B044F7D0 /* Pods-知乎日报-练习.release.xcconfig */ = {isa = PBXFileReference; includeInIndex = 1; lastKnownFileType = text.xcconfig; name = "Pods-知乎日报-练习.release.xcconfig"; path = "Pods/Target Support Files/Pods-知乎日报-练习/Pods-知乎日报-练习.release.xcconfig"; sourceTree = "<group>"; };
		45BAE40B74C24449811DA1FA /* Pods-知乎日报-练习.debug.xcconfig */ = {isa = PBXFileReference; includeInIndex = 1; lastKnownFileType = text.xcconfig; name = "Pods-知乎日报-练习.debug.xcconfig"; path = "Pods/Target Support Files/Pods-知乎日报-练习/Pods-知乎日报-练习.debug.xcconfig"; sourceTree = "<group>"; };
		A85BB835C13A4286867FB30C /* Pods________.framework */ = {isa = PBXFileReference; explicitFileType = wrapper.framework; includeInIndex = 0; path = "Pods________.framework"; sourceTree = BUILT_PRODUCTS_DIR; };
/* End PBXFileReference section */

/* Begin PBXFrameworksBuildPhase section */
		1756170B1E6C0BA9002C7BF2 /* Frameworks */ = {
			isa = PBXFrameworksBuildPhase;
			buildActionMask = 2147483647;
			files = (
				5A9BC05AA5AF9F7B76E7D1F6 /* Pods________.framework in Frameworks */,
			);
			runOnlyForDeploymentPostprocessing = 0;
		};
		175617241E6C0BA9002C7BF2 /* Frameworks */ = {
			isa = PBXFrameworksBuildPhase;
			buildActionMask = 2147483647;
			files = (
			);
			runOnlyForDeploymentPostprocessing = 0;
		};
		1756172F1E6C0BA9002C7BF2 /* Frameworks */ = {
			isa = PBXFrameworksBuildPhase;
			buildActionMask = 2147483647;
			files = (
			);
			runOnlyForDeploymentPostprocessing = 0;
		};
/* End PBXFrameworksBuildPhase section */

/* Begin PBXGroup section */
		173006EC1F1E4105003507FD /* test */ = {
			isa = PBXGroup;
			children = (
			);
			path = test;
			sourceTree = "<group>";
		};
		17382D6B1F3485E200B5CF27 /* NewsContent */ = {
			isa = PBXGroup;
			children = (
				17382D6C1F3485E200B5CF27 /* Controller */,
				17382D6D1F3485E200B5CF27 /* Model */,
				17382D6E1F3485E200B5CF27 /* View */,
			);
			path = NewsContent;
			sourceTree = "<group>";
		};
		17382D6C1F3485E200B5CF27 /* Controller */ = {
			isa = PBXGroup;
			children = (
				17382D6F1F34867A00B5CF27 /* XHBNewsContentViewController.h */,
				17382D701F34867A00B5CF27 /* XHBNewsContentViewController.m */,
				17382D711F34867A00B5CF27 /* XHBNewsContentViewController.xib */,
				17382D771F348B8400B5CF27 /* XHBContainerViewController.h */,
				17382D781F348B8400B5CF27 /* XHBContainerViewController.m */,
			);
			path = Controller;
			sourceTree = "<group>";
		};
		17382D6D1F3485E200B5CF27 /* Model */ = {
			isa = PBXGroup;
			children = (
				17382D741F34872600B5CF27 /* XHBNewsContent.h */,
				17382D751F34872600B5CF27 /* XHBNewsContent.m */,
			);
			path = Model;
			sourceTree = "<group>";
		};
		17382D6E1F3485E200B5CF27 /* View */ = {
			isa = PBXGroup;
			children = (
				1730D22C1F38863200F03F28 /* XHBNewsHeadView.h */,
				1730D22D1F38863200F03F28 /* XHBNewsHeadView.m */,
				1730D22F1F38866B00F03F28 /* XHBNewsFootView.h */,
				1730D2301F38866B00F03F28 /* XHBNewsFootView.m */,
				171DAD151F3B636900308F4D /* XHBNewsTopImageView.h */,
				171DAD161F3B636900308F4D /* XHBNewsTopImageView.m */,
			);
			path = View;
			sourceTree = "<group>";
		};
		175617051E6C0BA9002C7BF2 = {
			isa = PBXGroup;
			children = (
				171E62CF1F1CF8FA000048B6 /* Default-568h@2x.png */,
				175617101E6C0BA9002C7BF2 /* 知乎日报-练习 */,
				1756172A1E6C0BA9002C7BF2 /* 知乎日报-练习Tests */,
				175617351E6C0BA9002C7BF2 /* 知乎日报-练习UITests */,
				1756170F1E6C0BA9002C7BF2 /* Products */,
				31A238FF2589135AE6B8A63D /* Pods */,
				4D6927A3ADF84D560B466D17 /* Frameworks */,
			);
			sourceTree = "<group>";
		};
		1756170F1E6C0BA9002C7BF2 /* Products */ = {
			isa = PBXGroup;
			children = (
				1756170E1E6C0BA9002C7BF2 /* 知乎日报-练习.app */,
				175617271E6C0BA9002C7BF2 /* 知乎日报-练习Tests.xctest */,
				175617321E6C0BA9002C7BF2 /* 知乎日报-练习UITests.xctest */,
			);
			name = Products;
			sourceTree = "<group>";
		};
		175617101E6C0BA9002C7BF2 /* 知乎日报-练习 */ = {
			isa = PBXGroup;
			children = (
				173006EC1F1E4105003507FD /* test */,
				1768E9E81E73FCA8000E7520 /* Classes */,
				175617111E6C0BA9002C7BF2 /* Supporting Files */,
			);
			path = "知乎日报-练习";
			sourceTree = "<group>";
		};
		175617111E6C0BA9002C7BF2 /* Supporting Files */ = {
			isa = PBXGroup;
			children = (
				1756171F1E6C0BA9002C7BF2 /* LaunchScreen.storyboard */,
				1756171D1E6C0BA9002C7BF2 /* Assets.xcassets */,
				175617221E6C0BA9002C7BF2 /* Info.plist */,
			);
			name = "Supporting Files";
			sourceTree = "<group>";
		};
		1756172A1E6C0BA9002C7BF2 /* 知乎日报-练习Tests */ = {
			isa = PBXGroup;
			children = (
				1756172B1E6C0BA9002C7BF2 /* _______Tests.m */,
				1756172D1E6C0BA9002C7BF2 /* Info.plist */,
			);
			path = "知乎日报-练习Tests";
			sourceTree = "<group>";
		};
		175617351E6C0BA9002C7BF2 /* 知乎日报-练习UITests */ = {
			isa = PBXGroup;
			children = (
				175617361E6C0BA9002C7BF2 /* _______UITests.m */,
				175617381E6C0BA9002C7BF2 /* Info.plist */,
			);
			path = "知乎日报-练习UITests";
			sourceTree = "<group>";
		};
		1768E9E81E73FCA8000E7520 /* Classes */ = {
			isa = PBXGroup;
			children = (
				17382D6B1F3485E200B5CF27 /* NewsContent */,
				1768E9E91E73FCA8000E7520 /* ThemeList */,
				1768E9F01E73FCA8000E7520 /* NewsList */,
				1768E9F71E73FCA8000E7520 /* Other */,
			);
			path = Classes;
			sourceTree = "<group>";
		};
		1768E9E91E73FCA8000E7520 /* ThemeList */ = {
			isa = PBXGroup;
			children = (
				1768E9EA1E73FCA8000E7520 /* Controller */,
				1768E9EE1E73FCA8000E7520 /* Model */,
				1768E9EF1E73FCA8000E7520 /* View */,
			);
			path = ThemeList;
			sourceTree = "<group>";
			usesTabs = 0;
		};
		1768E9EA1E73FCA8000E7520 /* Controller */ = {
			isa = PBXGroup;
			children = (
				1768E9EB1E73FCA8000E7520 /* XHBCatalogViewController.h */,
				1768E9EC1E73FCA8000E7520 /* XHBCatalogViewController.m */,
				17399A6E1E82697E00DBF296 /* XHBCatalogViewController.xib */,
			);
			path = Controller;
			sourceTree = "<group>";
		};
		1768E9EE1E73FCA8000E7520 /* Model */ = {
			isa = PBXGroup;
			children = (
				172FC0681E98C3AB0072FB27 /* XHBNewCatalog.h */,
				172FC0691E98C3AB0072FB27 /* XHBNewCatalog.m */,
			);
			path = Model;
			sourceTree = "<group>";
		};
		1768E9EF1E73FCA8000E7520 /* View */ = {
			isa = PBXGroup;
			children = (
				17769C5A1E75594A006CC28A /* XHBCatalogTableViewCell.h */,
				17769C5B1E75594A006CC28A /* XHBCatalogTableViewCell.m */,
				17769C5C1E75594A006CC28A /* XHBCatalogTableViewCell.xib */,
			);
			path = View;
			sourceTree = "<group>";
		};
		1768E9F01E73FCA8000E7520 /* NewsList */ = {
			isa = PBXGroup;
			children = (
				1768E9F11E73FCA8000E7520 /* Controller */,
				1768E9F51E73FCA8000E7520 /* Model */,
				1768E9F61E73FCA8000E7520 /* View */,
			);
			path = NewsList;
			sourceTree = "<group>";
		};
		1768E9F11E73FCA8000E7520 /* Controller */ = {
			isa = PBXGroup;
			children = (
				1768E9F21E73FCA8000E7520 /* XHBHomeViewController.h */,
				1768E9F31E73FCA8000E7520 /* XHBHomeViewController.m */,
				1768E9F41E73FCA8000E7520 /* XHBHomeViewController.xib */,
				17B0E7DF1ED85C8D00B89E4B /* XHBThemeViewController.h */,
				17B0E7E01ED85C8D00B89E4B /* XHBThemeViewController.m */,
				17B0E7E11ED85C8D00B89E4B /* XHBThemeViewController.xib */,
			);
			path = Controller;
			sourceTree = "<group>";
		};
		1768E9F51E73FCA8000E7520 /* Model */ = {
			isa = PBXGroup;
			children = (
				173F6AE81EA5C7DF00C96ED0 /* XHBDayNews.h */,
				173F6AE91EA5C7DF00C96ED0 /* XHBDayNews.m */,
				173825451EDD80C200DB633C /* XHBThemeDaily.h */,
				173825461EDD80C200DB633C /* XHBThemeDaily.m */,
				173825481EDD891300DB633C /* XHBEditor.h */,
				173825491EDD891300DB633C /* XHBEditor.m */,
				172F6E601EEE63450045FFF8 /* XHBThemeStories.h */,
				172F6E611EEE63450045FFF8 /* XHBThemeStories.m */,
				1736469E1F457D8000DFD681 /* XHBHomeNews.h */,
				1736469F1F457D8000DFD681 /* XHBHomeNews.m */,
			);
			path = Model;
			sourceTree = "<group>";
		};
		1768E9F61E73FCA8000E7520 /* View */ = {
			isa = PBXGroup;
			children = (
				1734B7931EAE7C5D0050E006 /* XHBDayNewsTableViewCell.h */,
				1734B7941EAE7C5D0050E006 /* XHBDayNewsTableViewCell.m */,
				1734B7951EAE7C5D0050E006 /* XHBDayNewsTableViewCell.xib */,
				173867901F3EDBC000C6B6C8 /* XHBHomeTopView.h */,
				173867911F3EDBC000C6B6C8 /* XHBHomeTopView.m */,
				173646981F434F7700DFD681 /* XHBRefreshControl.h */,
				173646991F434F7700DFD681 /* XHBRefreshControl.m */,
				173646A11F4592CA00DFD681 /* XHBSectionHeadView.h */,
				173646A21F4592CA00DFD681 /* XHBSectionHeadView.m */,
			);
			path = View;
			sourceTree = "<group>";
		};
		1768E9F71E73FCA8000E7520 /* Other */ = {
			isa = PBXGroup;
			children = (
				1768E9FB1E73FCA8000E7520 /* Controller */,
				1797854E1F19418B00B82C3A /* Viwe */,
				1768E9FA1E73FCA8000E7520 /* Category */,
				1768E9F81E73FCA8000E7520 /* AppDelegate.h */,
				1768E9F91E73FCA8000E7520 /* AppDelegate.m */,
				173DB5941EAE2BA000120899 /* Foundation+Log.m */,
				1768EA021E73FCA8000E7520 /* main.m */,
				1768EA031E73FCA8000E7520 /* PrefixHeader.pch */,
			);
			path = Other;
			sourceTree = "<group>";
		};
		1768E9FA1E73FCA8000E7520 /* Category */ = {
			isa = PBXGroup;
			children = (
				1731180E1F3952FE00EB73E3 /* UIView+XHBExtension.h */,
				1731180F1F3952FE00EB73E3 /* UIView+XHBExtension.m */,
				17769C571E753844006CC28A /* UIBarButtonItem+XHBExtension.h */,
				17769C581E753844006CC28A /* UIBarButtonItem+XHBExtension.m */,
			);
			name = Category;
			path = ../Other/Category;
			sourceTree = "<group>";
		};
		1768E9FB1E73FCA8000E7520 /* Controller */ = {
			isa = PBXGroup;
			children = (
				1768E9FC1E73FCA8000E7520 /* XHBNavigationController.h */,
				1768E9FD1E73FCA8000E7520 /* XHBNavigationController.m */,
				1768E9FE1E73FCA8000E7520 /* XHBRootViewController.h */,
				1768E9FF1E73FCA8000E7520 /* XHBRootViewController.m */,
				173825421EDD50D300DB633C /* XHBBaseViewController.h */,
				173825431EDD50D300DB633C /* XHBBaseViewController.m */,
			);
			name = Controller;
			path = ../Other/Controller;
			sourceTree = "<group>";
		};
		1797854E1F19418B00B82C3A /* Viwe */ = {
			isa = PBXGroup;
			children = (
				1797854F1F1941DC00B82C3A /* XHBScreenShotBackView.h */,
				179785501F1941DC00B82C3A /* XHBScreenShotBackView.m */,
			);
			name = Viwe;
			path = ../Other/Viwe;
			sourceTree = "<group>";
		};
		31A238FF2589135AE6B8A63D /* Pods */ = {
			isa = PBXGroup;
			children = (
				45BAE40B74C24449811DA1FA /* Pods-知乎日报-练习.debug.xcconfig */,
				3E840FE32AD827A0B044F7D0 /* Pods-知乎日报-练习.release.xcconfig */,
			);
			name = Pods;
			sourceTree = "<group>";
		};
		4D6927A3ADF84D560B466D17 /* Frameworks */ = {
			isa = PBXGroup;
			children = (
				A85BB835C13A4286867FB30C /* Pods________.framework */,
			);
			name = Frameworks;
			sourceTree = "<group>";
		};
/* End PBXGroup section */

/* Begin PBXNativeTarget section */
		1756170D1E6C0BA9002C7BF2 /* 知乎日报-练习 */ = {
			isa = PBXNativeTarget;
			buildConfigurationList = 1756173B1E6C0BA9002C7BF2 /* Build configuration list for PBXNativeTarget "知乎日报-练习" */;
			buildPhases = (
				12A058F9EC5834CB11E3175D /* [CP] Check Pods Manifest.lock */,
				1756170A1E6C0BA9002C7BF2 /* Sources */,
				1756170B1E6C0BA9002C7BF2 /* Frameworks */,
				1756170C1E6C0BA9002C7BF2 /* Resources */,
				7502457173D0EA97ADDDE38D /* [CP] Embed Pods Frameworks */,
				361AFF2B8D0CDBB236827FCE /* [CP] Copy Pods Resources */,
			);
			buildRules = (
			);
			dependencies = (
			);
			name = "知乎日报-练习";
			productName = "知乎日报-练习";
			productReference = 1756170E1E6C0BA9002C7BF2 /* 知乎日报-练习.app */;
			productType = "com.apple.product-type.application";
		};
		175617261E6C0BA9002C7BF2 /* 知乎日报-练习Tests */ = {
			isa = PBXNativeTarget;
			buildConfigurationList = 1756173E1E6C0BA9002C7BF2 /* Build configuration list for PBXNativeTarget "知乎日报-练习Tests" */;
			buildPhases = (
				175617231E6C0BA9002C7BF2 /* Sources */,
				175617241E6C0BA9002C7BF2 /* Frameworks */,
				175617251E6C0BA9002C7BF2 /* Resources */,
			);
			buildRules = (
			);
			dependencies = (
				175617291E6C0BA9002C7BF2 /* PBXTargetDependency */,
			);
			name = "知乎日报-练习Tests";
			productName = "知乎日报-练习Tests";
			productReference = 175617271E6C0BA9002C7BF2 /* 知乎日报-练习Tests.xctest */;
			productType = "com.apple.product-type.bundle.unit-test";
		};
		175617311E6C0BA9002C7BF2 /* 知乎日报-练习UITests */ = {
			isa = PBXNativeTarget;
			buildConfigurationList = 175617411E6C0BA9002C7BF2 /* Build configuration list for PBXNativeTarget "知乎日报-练习UITests" */;
			buildPhases = (
				1756172E1E6C0BA9002C7BF2 /* Sources */,
				1756172F1E6C0BA9002C7BF2 /* Frameworks */,
				175617301E6C0BA9002C7BF2 /* Resources */,
			);
			buildRules = (
			);
			dependencies = (
				175617341E6C0BA9002C7BF2 /* PBXTargetDependency */,
			);
			name = "知乎日报-练习UITests";
			productName = "知乎日报-练习UITests";
			productReference = 175617321E6C0BA9002C7BF2 /* 知乎日报-练习UITests.xctest */;
			productType = "com.apple.product-type.bundle.ui-testing";
		};
/* End PBXNativeTarget section */

/* Begin PBXProject section */
		175617061E6C0BA9002C7BF2 /* Project object */ = {
			isa = PBXProject;
			attributes = {
				CLASSPREFIX = XHB;
				LastUpgradeCheck = 0820;
				ORGANIZATIONNAME = "谢海邦";
				TargetAttributes = {
					1756170D1E6C0BA9002C7BF2 = {
						CreatedOnToolsVersion = 8.2.1;
						DevelopmentTeam = XF5LMZ7DL8;
						ProvisioningStyle = Automatic;
					};
					175617261E6C0BA9002C7BF2 = {
						CreatedOnToolsVersion = 8.2.1;
						DevelopmentTeam = XF5LMZ7DL8;
						ProvisioningStyle = Automatic;
						TestTargetID = 1756170D1E6C0BA9002C7BF2;
					};
					175617311E6C0BA9002C7BF2 = {
						CreatedOnToolsVersion = 8.2.1;
						DevelopmentTeam = XF5LMZ7DL8;
						ProvisioningStyle = Automatic;
						TestTargetID = 1756170D1E6C0BA9002C7BF2;
					};
				};
			};
			buildConfigurationList = 175617091E6C0BA9002C7BF2 /* Build configuration list for PBXProject "知乎日报-练习" */;
			compatibilityVersion = "Xcode 3.2";
			developmentRegion = English;
			hasScannedForEncodings = 0;
			knownRegions = (
				en,
				Base,
			);
			mainGroup = 175617051E6C0BA9002C7BF2;
			productRefGroup = 1756170F1E6C0BA9002C7BF2 /* Products */;
			projectDirPath = "";
			projectRoot = "";
			targets = (
				1756170D1E6C0BA9002C7BF2 /* 知乎日报-练习 */,
				175617261E6C0BA9002C7BF2 /* 知乎日报-练习Tests */,
				175617311E6C0BA9002C7BF2 /* 知乎日报-练习UITests */,
			);
		};
/* End PBXProject section */

/* Begin PBXResourcesBuildPhase section */
		1756170C1E6C0BA9002C7BF2 /* Resources */ = {
			isa = PBXResourcesBuildPhase;
			buildActionMask = 2147483647;
			files = (
				1734B7971EAE7C5D0050E006 /* XHBDayNewsTableViewCell.xib in Resources */,
				175617211E6C0BA9002C7BF2 /* LaunchScreen.storyboard in Resources */,
				171E62D01F1CF8FA000048B6 /* Default-568h@2x.png in Resources */,
				1768EA071E73FCA8000E7520 /* XHBHomeViewController.xib in Resources */,
				17769C5E1E75594A006CC28A /* XHBCatalogTableViewCell.xib in Resources */,
				17399A6F1E82697E00DBF296 /* XHBCatalogViewController.xib in Resources */,
				1756171E1E6C0BA9002C7BF2 /* Assets.xcassets in Resources */,
				17B0E7E31ED85C8D00B89E4B /* XHBThemeViewController.xib in Resources */,
				17382D731F34867A00B5CF27 /* XHBNewsContentViewController.xib in Resources */,
			);
			runOnlyForDeploymentPostprocessing = 0;
		};
		175617251E6C0BA9002C7BF2 /* Resources */ = {
			isa = PBXResourcesBuildPhase;
			buildActionMask = 2147483647;
			files = (
			);
			runOnlyForDeploymentPostprocessing = 0;
		};
		175617301E6C0BA9002C7BF2 /* Resources */ = {
			isa = PBXResourcesBuildPhase;
			buildActionMask = 2147483647;
			files = (
			);
			runOnlyForDeploymentPostprocessing = 0;
		};
/* End PBXResourcesBuildPhase section */

/* Begin PBXShellScriptBuildPhase section */
		12A058F9EC5834CB11E3175D /* [CP] Check Pods Manifest.lock */ = {
			isa = PBXShellScriptBuildPhase;
			buildActionMask = 2147483647;
			files = (
			);
			inputPaths = (
			);
			name = "[CP] Check Pods Manifest.lock";
			outputPaths = (
			);
			runOnlyForDeploymentPostprocessing = 0;
			shellPath = /bin/sh;
			shellScript = "diff \"${PODS_ROOT}/../Podfile.lock\" \"${PODS_ROOT}/Manifest.lock\" > /dev/null\nif [ $? != 0 ] ; then\n    # print error to STDERR\n    echo \"error: The sandbox is not in sync with the Podfile.lock. Run 'pod install' or update your CocoaPods installation.\" >&2\n    exit 1\nfi\n";
			showEnvVarsInLog = 0;
		};
		361AFF2B8D0CDBB236827FCE /* [CP] Copy Pods Resources */ = {
			isa = PBXShellScriptBuildPhase;
			buildActionMask = 2147483647;
			files = (
			);
			inputPaths = (
			);
			name = "[CP] Copy Pods Resources";
			outputPaths = (
			);
			runOnlyForDeploymentPostprocessing = 0;
			shellPath = /bin/sh;
			shellScript = "\"${SRCROOT}/Pods/Target Support Files/Pods-知乎日报-练习/Pods-知乎日报-练习-resources.sh\"\n";
			showEnvVarsInLog = 0;
		};
		7502457173D0EA97ADDDE38D /* [CP] Embed Pods Frameworks */ = {
			isa = PBXShellScriptBuildPhase;
			buildActionMask = 2147483647;
			files = (
			);
			inputPaths = (
			);
			name = "[CP] Embed Pods Frameworks";
			outputPaths = (
			);
			runOnlyForDeploymentPostprocessing = 0;
			shellPath = /bin/sh;
			shellScript = "\"${SRCROOT}/Pods/Target Support Files/Pods-知乎日报-练习/Pods-知乎日报-练习-frameworks.sh\"\n";
			showEnvVarsInLog = 0;
		};
/* End PBXShellScriptBuildPhase section */

/* Begin PBXSourcesBuildPhase section */
		1756170A1E6C0BA9002C7BF2 /* Sources */ = {
			isa = PBXSourcesBuildPhase;
			buildActionMask = 2147483647;
			files = (
				173646A01F457D8000DFD681 /* XHBHomeNews.m in Sources */,
				173867921F3EDBC000C6B6C8 /* XHBHomeTopView.m in Sources */,
				17B0E7E21ED85C8D00B89E4B /* XHBThemeViewController.m in Sources */,
				1734B7961EAE7C5D0050E006 /* XHBDayNewsTableViewCell.m in Sources */,
				172F6E621EEE63450045FFF8 /* XHBThemeStories.m in Sources */,
				173118101F3952FE00EB73E3 /* UIView+XHBExtension.m in Sources */,
				1768EA081E73FCA8000E7520 /* AppDelegate.m in Sources */,
				1730D22E1F38863200F03F28 /* XHBNewsHeadView.m in Sources */,
				172FC06A1E98C3AB0072FB27 /* XHBNewCatalog.m in Sources */,
				17382D761F34872600B5CF27 /* XHBNewsContent.m in Sources */,
				173F6AEA1EA5C7DF00C96ED0 /* XHBDayNews.m in Sources */,
				17769C591E753844006CC28A /* UIBarButtonItem+XHBExtension.m in Sources */,
				173825441EDD50D300DB633C /* XHBBaseViewController.m in Sources */,
				1768EA061E73FCA8000E7520 /* XHBHomeViewController.m in Sources */,
				17382D721F34867A00B5CF27 /* XHBNewsContentViewController.m in Sources */,
				173DB5951EAE2BA000120899 /* Foundation+Log.m in Sources */,
				1768EA091E73FCA8000E7520 /* XHBNavigationController.m in Sources */,
				1736469A1F434F7700DFD681 /* XHBRefreshControl.m in Sources */,
				173825471EDD80C200DB633C /* XHBThemeDaily.m in Sources */,
				17769C5D1E75594A006CC28A /* XHBCatalogTableViewCell.m in Sources */,
				1768EA041E73FCA8000E7520 /* XHBCatalogViewController.m in Sources */,
				17382D791F348B8400B5CF27 /* XHBContainerViewController.m in Sources */,
				1730D2311F38866B00F03F28 /* XHBNewsFootView.m in Sources */,
				1738254A1EDD891300DB633C /* XHBEditor.m in Sources */,
				179785511F1941DC00B82C3A /* XHBScreenShotBackView.m in Sources */,
				171DAD171F3B636900308F4D /* XHBNewsTopImageView.m in Sources */,
				1768EA0C1E73FCA8000E7520 /* main.m in Sources */,
				173646A31F4592CA00DFD681 /* XHBSectionHeadView.m in Sources */,
				1768EA0A1E73FCA8000E7520 /* XHBRootViewController.m in Sources */,
			);
			runOnlyForDeploymentPostprocessing = 0;
		};
		175617231E6C0BA9002C7BF2 /* Sources */ = {
			isa = PBXSourcesBuildPhase;
			buildActionMask = 2147483647;
			files = (
				1756172C1E6C0BA9002C7BF2 /* _______Tests.m in Sources */,
			);
			runOnlyForDeploymentPostprocessing = 0;
		};
		1756172E1E6C0BA9002C7BF2 /* Sources */ = {
			isa = PBXSourcesBuildPhase;
			buildActionMask = 2147483647;
			files = (
				175617371E6C0BA9002C7BF2 /* _______UITests.m in Sources */,
			);
			runOnlyForDeploymentPostprocessing = 0;
		};
/* End PBXSourcesBuildPhase section */

/* Begin PBXTargetDependency section */
		175617291E6C0BA9002C7BF2 /* PBXTargetDependency */ = {
			isa = PBXTargetDependency;
			target = 1756170D1E6C0BA9002C7BF2 /* 知乎日报-练习 */;
			targetProxy = 175617281E6C0BA9002C7BF2 /* PBXContainerItemProxy */;
		};
		175617341E6C0BA9002C7BF2 /* PBXTargetDependency */ = {
			isa = PBXTargetDependency;
			target = 1756170D1E6C0BA9002C7BF2 /* 知乎日报-练习 */;
			targetProxy = 175617331E6C0BA9002C7BF2 /* PBXContainerItemProxy */;
		};
/* End PBXTargetDependency section */

/* Begin PBXVariantGroup section */
		1756171F1E6C0BA9002C7BF2 /* LaunchScreen.storyboard */ = {
			isa = PBXVariantGroup;
			children = (
				175617201E6C0BA9002C7BF2 /* Base */,
			);
			name = LaunchScreen.storyboard;
			sourceTree = "<group>";
		};
/* End PBXVariantGroup section */

/* Begin XCBuildConfiguration section */
		175617391E6C0BA9002C7BF2 /* Debug */ = {
			isa = XCBuildConfiguration;
			buildSettings = {
				ALWAYS_SEARCH_USER_PATHS = NO;
				CLANG_ANALYZER_NONNULL = YES;
				CLANG_CXX_LANGUAGE_STANDARD = "gnu++0x";
				CLANG_CXX_LIBRARY = "libc++";
				CLANG_ENABLE_MODULES = YES;
				CLANG_ENABLE_OBJC_ARC = YES;
				CLANG_WARN_BOOL_CONVERSION = YES;
				CLANG_WARN_CONSTANT_CONVERSION = YES;
				CLANG_WARN_DIRECT_OBJC_ISA_USAGE = YES_ERROR;
				CLANG_WARN_DOCUMENTATION_COMMENTS = YES;
				CLANG_WARN_EMPTY_BODY = YES;
				CLANG_WARN_ENUM_CONVERSION = YES;
				CLANG_WARN_INFINITE_RECURSION = YES;
				CLANG_WARN_INT_CONVERSION = YES;
				CLANG_WARN_OBJC_ROOT_CLASS = YES_ERROR;
				CLANG_WARN_SUSPICIOUS_MOVE = YES;
				CLANG_WARN_UNREACHABLE_CODE = YES;
				CLANG_WARN__DUPLICATE_METHOD_MATCH = YES;
				"CODE_SIGN_IDENTITY[sdk=iphoneos*]" = "iPhone Developer";
				COPY_PHASE_STRIP = NO;
				DEBUG_INFORMATION_FORMAT = dwarf;
				ENABLE_STRICT_OBJC_MSGSEND = YES;
				ENABLE_TESTABILITY = YES;
				GCC_C_LANGUAGE_STANDARD = gnu99;
				GCC_DYNAMIC_NO_PIC = NO;
				GCC_NO_COMMON_BLOCKS = YES;
				GCC_OPTIMIZATION_LEVEL = 0;
				GCC_PREPROCESSOR_DEFINITIONS = (
					"DEBUG=1",
					"$(inherited)",
				);
				GCC_WARN_64_TO_32_BIT_CONVERSION = YES;
				GCC_WARN_ABOUT_RETURN_TYPE = YES_ERROR;
				GCC_WARN_UNDECLARED_SELECTOR = YES;
				GCC_WARN_UNINITIALIZED_AUTOS = YES_AGGRESSIVE;
				GCC_WARN_UNUSED_FUNCTION = YES;
				GCC_WARN_UNUSED_VARIABLE = YES;
				IPHONEOS_DEPLOYMENT_TARGET = 8.0;
				MTL_ENABLE_DEBUG_INFO = YES;
				ONLY_ACTIVE_ARCH = YES;
				OTHER_LDFLAGS = "";
				SDKROOT = iphoneos;
			};
			name = Debug;
		};
		1756173A1E6C0BA9002C7BF2 /* Release */ = {
			isa = XCBuildConfiguration;
			buildSettings = {
				ALWAYS_SEARCH_USER_PATHS = NO;
				CLANG_ANALYZER_NONNULL = YES;
				CLANG_CXX_LANGUAGE_STANDARD = "gnu++0x";
				CLANG_CXX_LIBRARY = "libc++";
				CLANG_ENABLE_MODULES = YES;
				CLANG_ENABLE_OBJC_ARC = YES;
				CLANG_WARN_BOOL_CONVERSION = YES;
				CLANG_WARN_CONSTANT_CONVERSION = YES;
				CLANG_WARN_DIRECT_OBJC_ISA_USAGE = YES_ERROR;
				CLANG_WARN_DOCUMENTATION_COMMENTS = YES;
				CLANG_WARN_EMPTY_BODY = YES;
				CLANG_WARN_ENUM_CONVERSION = YES;
				CLANG_WARN_INFINITE_RECURSION = YES;
				CLANG_WARN_INT_CONVERSION = YES;
				CLANG_WARN_OBJC_ROOT_CLASS = YES_ERROR;
				CLANG_WARN_SUSPICIOUS_MOVE = YES;
				CLANG_WARN_UNREACHABLE_CODE = YES;
				CLANG_WARN__DUPLICATE_METHOD_MATCH = YES;
				"CODE_SIGN_IDENTITY[sdk=iphoneos*]" = "iPhone Developer";
				COPY_PHASE_STRIP = NO;
				DEBUG_INFORMATION_FORMAT = "dwarf-with-dsym";
				ENABLE_NS_ASSERTIONS = NO;
				ENABLE_STRICT_OBJC_MSGSEND = YES;
				GCC_C_LANGUAGE_STANDARD = gnu99;
				GCC_NO_COMMON_BLOCKS = YES;
				GCC_WARN_64_TO_32_BIT_CONVERSION = YES;
				GCC_WARN_ABOUT_RETURN_TYPE = YES_ERROR;
				GCC_WARN_UNDECLARED_SELECTOR = YES;
				GCC_WARN_UNINITIALIZED_AUTOS = YES_AGGRESSIVE;
				GCC_WARN_UNUSED_FUNCTION = YES;
				GCC_WARN_UNUSED_VARIABLE = YES;
				IPHONEOS_DEPLOYMENT_TARGET = 8.0;
				MTL_ENABLE_DEBUG_INFO = NO;
				OTHER_LDFLAGS = "";
				SDKROOT = iphoneos;
				VALIDATE_PRODUCT = YES;
			};
			name = Release;
		};
		1756173C1E6C0BA9002C7BF2 /* Debug */ = {
			isa = XCBuildConfiguration;
			baseConfigurationReference = 45BAE40B74C24449811DA1FA /* Pods-知乎日报-练习.debug.xcconfig */;
			buildSettings = {
				ASSETCATALOG_COMPILER_APPICON_NAME = AppIcon;
				DEVELOPMENT_TEAM = XF5LMZ7DL8;
				GCC_PRECOMPILE_PREFIX_HEADER = YES;
				GCC_PREFIX_HEADER = "知乎日报-练习/Classes/Other/PrefixHeader.pch";
				INFOPLIST_FILE = "知乎日报-练习/Info.plist";
				IPHONEOS_DEPLOYMENT_TARGET = 8.2;
				LD_RUNPATH_SEARCH_PATHS = "$(inherited) @executable_path/Frameworks";
				OTHER_LDFLAGS = (
					"$(inherited)",
					"-framework",
					"\"AFNetworking\"",
					"-framework",
					"\"MJExtension\"",
					"-framework",
					"\"SDWebImage\"",
					"-framework",
					"\"SVProgressHUD\"",
				);
				PRODUCT_BUNDLE_IDENTIFIER = "cn.bang.-------";
				PRODUCT_NAME = "$(TARGET_NAME)";
				TARGETED_DEVICE_FAMILY = "1,2";
			};
			name = Debug;
		};
		1756173D1E6C0BA9002C7BF2 /* Release */ = {
			isa = XCBuildConfiguration;
			baseConfigurationReference = 3E840FE32AD827A0B044F7D0 /* Pods-知乎日报-练习.release.xcconfig */;
			buildSettings = {
				ASSETCATALOG_COMPILER_APPICON_NAME = AppIcon;
				DEVELOPMENT_TEAM = XF5LMZ7DL8;
				GCC_PRECOMPILE_PREFIX_HEADER = YES;
				GCC_PREFIX_HEADER = "知乎日报-练习/Classes/Other/PrefixHeader.pch";
				INFOPLIST_FILE = "知乎日报-练习/Info.plist";
				IPHONEOS_DEPLOYMENT_TARGET = 8.2;
				LD_RUNPATH_SEARCH_PATHS = "$(inherited) @executable_path/Frameworks";
				OTHER_LDFLAGS = (
					"$(inherited)",
					"-framework",
					"\"AFNetworking\"",
					"-framework",
					"\"MJExtension\"",
					"-framework",
					"\"SDWebImage\"",
					"-framework",
					"\"SVProgressHUD\"",
				);
				PRODUCT_BUNDLE_IDENTIFIER = "cn.bang.-------";
				PRODUCT_NAME = "$(TARGET_NAME)";
				TARGETED_DEVICE_FAMILY = "1,2";
			};
			name = Release;
		};
		1756173F1E6C0BA9002C7BF2 /* Debug */ = {
			isa = XCBuildConfiguration;
			buildSettings = {
				BUNDLE_LOADER = "$(TEST_HOST)";
				DEVELOPMENT_TEAM = XF5LMZ7DL8;
				INFOPLIST_FILE = "知乎日报-练习Tests/Info.plist";
				LD_RUNPATH_SEARCH_PATHS = "$(inherited) @executable_path/Frameworks @loader_path/Frameworks";
				PRODUCT_BUNDLE_IDENTIFIER = "cn.bang.-------Tests";
				PRODUCT_NAME = "$(TARGET_NAME)";
				TEST_HOST = "$(BUILT_PRODUCTS_DIR)/知乎日报-练习.app/知乎日报-练习";
			};
			name = Debug;
		};
		175617401E6C0BA9002C7BF2 /* Release */ = {
			isa = XCBuildConfiguration;
			buildSettings = {
				BUNDLE_LOADER = "$(TEST_HOST)";
				DEVELOPMENT_TEAM = XF5LMZ7DL8;
				INFOPLIST_FILE = "知乎日报-练习Tests/Info.plist";
				LD_RUNPATH_SEARCH_PATHS = "$(inherited) @executable_path/Frameworks @loader_path/Frameworks";
				PRODUCT_BUNDLE_IDENTIFIER = "cn.bang.-------Tests";
				PRODUCT_NAME = "$(TARGET_NAME)";
				TEST_HOST = "$(BUILT_PRODUCTS_DIR)/知乎日报-练习.app/知乎日报-练习";
			};
			name = Release;
		};
		175617421E6C0BA9002C7BF2 /* Debug */ = {
			isa = XCBuildConfiguration;
			buildSettings = {
				DEVELOPMENT_TEAM = XF5LMZ7DL8;
				INFOPLIST_FILE = "知乎日报-练习UITests/Info.plist";
				LD_RUNPATH_SEARCH_PATHS = "$(inherited) @executable_path/Frameworks @loader_path/Frameworks";
				PRODUCT_BUNDLE_IDENTIFIER = "cn.bang.-------UITests";
				PRODUCT_NAME = "$(TARGET_NAME)";
				TEST_TARGET_NAME = "知乎日报-练习";
			};
			name = Debug;
		};
		175617431E6C0BA9002C7BF2 /* Release */ = {
			isa = XCBuildConfiguration;
			buildSettings = {
				DEVELOPMENT_TEAM = XF5LMZ7DL8;
				INFOPLIST_FILE = "知乎日报-练习UITests/Info.plist";
				LD_RUNPATH_SEARCH_PATHS = "$(inherited) @executable_path/Frameworks @loader_path/Frameworks";
				PRODUCT_BUNDLE_IDENTIFIER = "cn.bang.-------UITests";
				PRODUCT_NAME = "$(TARGET_NAME)";
				TEST_TARGET_NAME = "知乎日报-练习";
			};
			name = Release;
		};
/* End XCBuildConfiguration section */

/* Begin XCConfigurationList section */
		175617091E6C0BA9002C7BF2 /* Build configuration list for PBXProject "知乎日报-练习" */ = {
			isa = XCConfigurationList;
			buildConfigurations = (
				175617391E6C0BA9002C7BF2 /* Debug */,
				1756173A1E6C0BA9002C7BF2 /* Release */,
			);
			defaultConfigurationIsVisible = 0;
			defaultConfigurationName = Release;
		};
		1756173B1E6C0BA9002C7BF2 /* Build configuration list for PBXNativeTarget "知乎日报-练习" */ = {
			isa = XCConfigurationList;
			buildConfigurations = (
				1756173C1E6C0BA9002C7BF2 /* Debug */,
				1756173D1E6C0BA9002C7BF2 /* Release */,
			);
			defaultConfigurationIsVisible = 0;
			defaultConfigurationName = Release;
		};
		1756173E1E6C0BA9002C7BF2 /* Build configuration list for PBXNativeTarget "知乎日报-练习Tests" */ = {
			isa = XCConfigurationList;
			buildConfigurations = (
				1756173F1E6C0BA9002C7BF2 /* Debug */,
				175617401E6C0BA9002C7BF2 /* Release */,
			);
			defaultConfigurationIsVisible = 0;
			defaultConfigurationName = Release;
		};
		175617411E6C0BA9002C7BF2 /* Build configuration list for PBXNativeTarget "知乎日报-练习UITests" */ = {
			isa = XCConfigurationList;
			buildConfigurations = (
				175617421E6C0BA9002C7BF2 /* Debug */,
				175617431E6C0BA9002C7BF2 /* Release */,
			);
			defaultConfigurationIsVisible = 0;
			defaultConfigurationName = Release;
		};
/* End XCConfigurationList section */
	};
	rootObject = 175617061E6C0BA9002C7BF2 /* Project object */;
}
